
Microsoft Visual Studio Solution File, Format Version 12.00
# Visual Studio 14
VisualStudioVersion = 14.0.25420.1
MinimumVisualStudioVersion = 10.0.40219.1
Project("{8BC9CEB8-8B4A-11D0-8D11-00A0C91BC942}") = "explog", "explog\explog.vcxproj", "{C8D5EBAC-DB36-41C8-BCDF-17A9517CE9C3}"
EndProject
Project("{8BC9CEB8-8B4A-11D0-8D11-00A0C91BC942}") = "fir_vertical", "fir_vertical\fir_vertical.vcxproj", "{99727149-9544-4E69-AD42-4FD2485C170C}"
EndProject
Project("{8BC9CEB8-8B4A-11D0-8D11-00A0C91BC942}") = "histogram1", "histogram1\histogram1.vcxproj", "{269B2DC3-E97E-4CAF-AE01-4CC78BA82C43}"
EndProject
Project("{8BC9CEB8-8B4A-11D0-8D11-00A0C91BC942}") = "histogram2", "histogram2\histogram2.vcxproj", "{D18084D2-AC6A-4844-AAF1-8638B6FCE807}"
EndProject
Project("{8BC9CEB8-8B4A-11D0-8D11-00A0C91BC942}") = "mandelbrot1", "mandelbrot1\mandelbrot1.vcxproj", "{EA497301-2889-496B-9F72-8AEB55D709F7}"
EndProject
Project("{8BC9CEB8-8B4A-11D0-8D11-00A0C91BC942}") = "mandelbrot2", "mandelbrot2\mandelbrot2.vcxproj", "{7C720C2F-855D-4A73-B117-74D04476C71B}"
EndProject
Project("{8BC9CEB8-8B4A-11D0-8D11-00A0C91BC942}") = "polynomial", "polynomial\polynomial.vcxproj", "{6CB68D41-4F5B-4F86-B158-2C2A21D09109}"
EndProject
Project("{8BC9CEB8-8B4A-11D0-8D11-00A0C91BC942}") = "QuadraticSolver", "QuadraticSolver\QuadraticSolver.vcxproj", "{05F2E529-6ED2-4D46-90C0-E5A17BADCEAF}"
EndProject
Project("{8BC9CEB8-8B4A-11D0-8D11-00A0C91BC942}") = "sincos", "sincos\sincos.vcxproj", "{67341F6D-B320-45BD-9937-9498B66A54F3}"
EndProject
Project("{8BC9CEB8-8B4A-11D0-8D11-00A0C91BC942}") = "average", "average\average.vcxproj", "{4D5C5216-203A-4FB9-B7ED-031B50DC7BB8}"
EndProject
Global
	GlobalSection(SolutionConfigurationPlatforms) = preSolution
		Debug AVX|x64 = Debug AVX|x64
		Debug AVX|x86 = Debug AVX|x86
		Debug AVX2|x64 = Debug AVX2|x64
		Debug AVX2|x86 = Debug AVX2|x86
		Debug|x64 = Debug|x64
		Debug|x86 = Debug|x86
		Release AVX|x64 = Release AVX|x64
		Release AVX|x86 = Release AVX|x86
		Release AVX2|x64 = Release AVX2|x64
		Release AVX2|x86 = Release AVX2|x86
		Release|x64 = Release|x64
		Release|x86 = Release|x86
	EndGlobalSection
	GlobalSection(ProjectConfigurationPlatforms) = postSolution
		{C8D5EBAC-DB36-41C8-BCDF-17A9517CE9C3}.Debug AVX|x64.ActiveCfg = Debug AVX|x64
		{C8D5EBAC-DB36-41C8-BCDF-17A9517CE9C3}.Debug AVX|x64.Build.0 = Debug AVX|x64
		{C8D5EBAC-DB36-41C8-BCDF-17A9517CE9C3}.Debug AVX|x86.ActiveCfg = Debug AVX|Win32
		{C8D5EBAC-DB36-41C8-BCDF-17A9517CE9C3}.Debug AVX|x86.Build.0 = Debug AVX|Win32
		{C8D5EBAC-DB36-41C8-BCDF-17A9517CE9C3}.Debug AVX2|x64.ActiveCfg = Debug AVX2|x64
		{C8D5EBAC-DB36-41C8-BCDF-17A9517CE9C3}.Debug AVX2|x64.Build.0 = Debug AVX2|x64
		{C8D5EBAC-DB36-41C8-BCDF-17A9517CE9C3}.Debug AVX2|x86.ActiveCfg = Debug AVX2|Win32
		{C8D5EBAC-DB36-41C8-BCDF-17A9517CE9C3}.Debug AVX2|x86.Build.0 = Debug AVX2|Win32
		{C8D5EBAC-DB36-41C8-BCDF-17A9517CE9C3}.Debug|x64.ActiveCfg = Debug|x64
		{C8D5EBAC-DB36-41C8-BCDF-17A9517CE9C3}.Debug|x64.Build.0 = Debug|x64
		{C8D5EBAC-DB36-41C8-BCDF-17A9517CE9C3}.Debug|x86.ActiveCfg = Debug|Win32
		{C8D5EBAC-DB36-41C8-BCDF-17A9517CE9C3}.Debug|x86.Build.0 = Debug|Win32
		{C8D5EBAC-DB36-41C8-BCDF-17A9517CE9C3}.Release AVX|x64.ActiveCfg = Release AVX|x64
		{C8D5EBAC-DB36-41C8-BCDF-17A9517CE9C3}.Release AVX|x64.Build.0 = Release AVX|x64
		{C8D5EBAC-DB36-41C8-BCDF-17A9517CE9C3}.Release AVX|x86.ActiveCfg = Release AVX|Win32
		{C8D5EBAC-DB36-41C8-BCDF-17A9517CE9C3}.Release AVX|x86.Build.0 = Release AVX|Win32
		{C8D5EBAC-DB36-41C8-BCDF-17A9517CE9C3}.Release AVX2|x64.ActiveCfg = Release AVX2|x64
		{C8D5EBAC-DB36-41C8-BCDF-17A9517CE9C3}.Release AVX2|x64.Build.0 = Release AVX2|x64
		{C8D5EBAC-DB36-41C8-BCDF-17A9517CE9C3}.Release AVX2|x86.ActiveCfg = Release AVX2|Win32
		{C8D5EBAC-DB36-41C8-BCDF-17A9517CE9C3}.Release AVX2|x86.Build.0 = Release AVX2|Win32
		{C8D5EBAC-DB36-41C8-BCDF-17A9517CE9C3}.Release|x64.ActiveCfg = Release|x64
		{C8D5EBAC-DB36-41C8-BCDF-17A9517CE9C3}.Release|x64.Build.0 = Release|x64
		{C8D5EBAC-DB36-41C8-BCDF-17A9517CE9C3}.Release|x86.ActiveCfg = Release|Win32
		{C8D5EBAC-DB36-41C8-BCDF-17A9517CE9C3}.Release|x86.Build.0 = Release|Win32
		{99727149-9544-4E69-AD42-4FD2485C170C}.Debug AVX|x64.ActiveCfg = Debug AVX|x64
		{99727149-9544-4E69-AD42-4FD2485C170C}.Debug AVX|x64.Build.0 = Debug AVX|x64
		{99727149-9544-4E69-AD42-4FD2485C170C}.Debug AVX|x86.ActiveCfg = Debug AVX|Win32
		{99727149-9544-4E69-AD42-4FD2485C170C}.Debug AVX|x86.Build.0 = Debug AVX|Win32
		{99727149-9544-4E69-AD42-4FD2485C170C}.Debug AVX2|x64.ActiveCfg = Debug AVX2|x64
		{99727149-9544-4E69-AD42-4FD2485C170C}.Debug AVX2|x64.Build.0 = Debug AVX2|x64
		{99727149-9544-4E69-AD42-4FD2485C170C}.Debug AVX2|x86.ActiveCfg = Debug AVX2|Win32
		{99727149-9544-4E69-AD42-4FD2485C170C}.Debug AVX2|x86.Build.0 = Debug AVX2|Win32
		{99727149-9544-4E69-AD42-4FD2485C170C}.Debug|x64.ActiveCfg = Debug|x64
		{99727149-9544-4E69-AD42-4FD2485C170C}.Debug|x64.Build.0 = Debug|x64
		{99727149-9544-4E69-AD42-4FD2485C170C}.Debug|x86.ActiveCfg = Debug|Win32
		{99727149-9544-4E69-AD42-4FD2485C170C}.Debug|x86.Build.0 = Debug|Win32
		{99727149-9544-4E69-AD42-4FD2485C170C}.Release AVX|x64.ActiveCfg = Release AVX|x64
		{99727149-9544-4E69-AD42-4FD2485C170C}.Release AVX|x64.Build.0 = Release AVX|x64
		{99727149-9544-4E69-AD42-4FD2485C170C}.Release AVX|x86.ActiveCfg = Release AVX|Win32
		{99727149-9544-4E69-AD42-4FD2485C170C}.Release AVX|x86.Build.0 = Release AVX|Win32
		{99727149-9544-4E69-AD42-4FD2485C170C}.Release AVX2|x64.ActiveCfg = Release AVX2|x64
		{99727149-9544-4E69-AD42-4FD2485C170C}.Release AVX2|x64.Build.0 = Release AVX2|x64
		{99727149-9544-4E69-AD42-4FD2485C170C}.Release AVX2|x86.ActiveCfg = Release AVX2|Win32
		{99727149-9544-4E69-AD42-4FD2485C170C}.Release AVX2|x86.Build.0 = Release AVX2|Win32
		{99727149-9544-4E69-AD42-4FD2485C170C}.Release|x64.ActiveCfg = Release|x64
		{99727149-9544-4E69-AD42-4FD2485C170C}.Release|x64.Build.0 = Release|x64
		{99727149-9544-4E69-AD42-4FD2485C170C}.Release|x86.ActiveCfg = Release|Win32
		{99727149-9544-4E69-AD42-4FD2485C170C}.Release|x86.Build.0 = Release|Win32
		{269B2DC3-E97E-4CAF-AE01-4CC78BA82C43}.Debug AVX|x64.ActiveCfg = Debug AVX|x64
		{269B2DC3-E97E-4CAF-AE01-4CC78BA82C43}.Debug AVX|x64.Build.0 = Debug AVX|x64
		{269B2DC3-E97E-4CAF-AE01-4CC78BA82C43}.Debug AVX|x86.ActiveCfg = Debug AVX|Win32
		{269B2DC3-E97E-4CAF-AE01-4CC78BA82C43}.Debug AVX|x86.Build.0 = Debug AVX|Win32
		{269B2DC3-E97E-4CAF-AE01-4CC78BA82C43}.Debug AVX2|x64.ActiveCfg = Debug AVX2|x64
		{269B2DC3-E97E-4CAF-AE01-4CC78BA82C43}.Debug AVX2|x64.Build.0 = Debug AVX2|x64
		{269B2DC3-E97E-4CAF-AE01-4CC78BA82C43}.Debug AVX2|x86.ActiveCfg = Debug AVX2|Win32
		{269B2DC3-E97E-4CAF-AE01-4CC78BA82C43}.Debug AVX2|x86.Build.0 = Debug AVX2|Win32
		{269B2DC3-E97E-4CAF-AE01-4CC78BA82C43}.Debug|x64.ActiveCfg = Debug|x64
		{269B2DC3-E97E-4CAF-AE01-4CC78BA82C43}.Debug|x64.Build.0 = Debug|x64
		{269B2DC3-E97E-4CAF-AE01-4CC78BA82C43}.Debug|x86.ActiveCfg = Debug|Win32
		{269B2DC3-E97E-4CAF-AE01-4CC78BA82C43}.Debug|x86.Build.0 = Debug|Win32
		{269B2DC3-E97E-4CAF-AE01-4CC78BA82C43}.Release AVX|x64.ActiveCfg = Release AVX|x64
		{269B2DC3-E97E-4CAF-AE01-4CC78BA82C43}.Release AVX|x64.Build.0 = Release AVX|x64
		{269B2DC3-E97E-4CAF-AE01-4CC78BA82C43}.Release AVX|x86.ActiveCfg = Release AVX|Win32
		{269B2DC3-E97E-4CAF-AE01-4CC78BA82C43}.Release AVX|x86.Build.0 = Release AVX|Win32
		{269B2DC3-E97E-4CAF-AE01-4CC78BA82C43}.Release AVX2|x64.ActiveCfg = Release AVX2|x64
		{269B2DC3-E97E-4CAF-AE01-4CC78BA82C43}.Release AVX2|x64.Build.0 = Release AVX2|x64
		{269B2DC3-E97E-4CAF-AE01-4CC78BA82C43}.Release AVX2|x86.ActiveCfg = Release AVX2|Win32
		{269B2DC3-E97E-4CAF-AE01-4CC78BA82C43}.Release AVX2|x86.Build.0 = Release AVX2|Win32
		{269B2DC3-E97E-4CAF-AE01-4CC78BA82C43}.Release|x64.ActiveCfg = Release|x64
		{269B2DC3-E97E-4CAF-AE01-4CC78BA82C43}.Release|x64.Build.0 = Release|x64
		{269B2DC3-E97E-4CAF-AE01-4CC78BA82C43}.Release|x86.ActiveCfg = Release|Win32
		{269B2DC3-E97E-4CAF-AE01-4CC78BA82C43}.Release|x86.Build.0 = Release|Win32
		{D18084D2-AC6A-4844-AAF1-8638B6FCE807}.Debug AVX|x64.ActiveCfg = Debug AVX|x64
		{D18084D2-AC6A-4844-AAF1-8638B6FCE807}.Debug AVX|x64.Build.0 = Debug AVX|x64
		{D18084D2-AC6A-4844-AAF1-8638B6FCE807}.Debug AVX|x86.ActiveCfg = Debug AVX|Win32
		{D18084D2-AC6A-4844-AAF1-8638B6FCE807}.Debug AVX|x86.Build.0 = Debug AVX|Win32
		{D18084D2-AC6A-4844-AAF1-8638B6FCE807}.Debug AVX2|x64.ActiveCfg = Debug AVX2|x64
		{D18084D2-AC6A-4844-AAF1-8638B6FCE807}.Debug AVX2|x64.Build.0 = Debug AVX2|x64
		{D18084D2-AC6A-4844-AAF1-8638B6FCE807}.Debug AVX2|x86.ActiveCfg = Debug AVX2|Win32
		{D18084D2-AC6A-4844-AAF1-8638B6FCE807}.Debug AVX2|x86.Build.0 = Debug AVX2|Win32
		{D18084D2-AC6A-4844-AAF1-8638B6FCE807}.Debug|x64.ActiveCfg = Debug|x64
		{D18084D2-AC6A-4844-AAF1-8638B6FCE807}.Debug|x64.Build.0 = Debug|x64
		{D18084D2-AC6A-4844-AAF1-8638B6FCE807}.Debug|x86.ActiveCfg = Debug|Win32
		{D18084D2-AC6A-4844-AAF1-8638B6FCE807}.Debug|x86.Build.0 = Debug|Win32
		{D18084D2-AC6A-4844-AAF1-8638B6FCE807}.Release AVX|x64.ActiveCfg = Release AVX|x64
		{D18084D2-AC6A-4844-AAF1-8638B6FCE807}.Release AVX|x64.Build.0 = Release AVX|x64
		{D18084D2-AC6A-4844-AAF1-8638B6FCE807}.Release AVX|x86.ActiveCfg = Release AVX|Win32
		{D18084D2-AC6A-4844-AAF1-8638B6FCE807}.Release AVX|x86.Build.0 = Release AVX|Win32
		{D18084D2-AC6A-4844-AAF1-8638B6FCE807}.Release AVX2|x64.ActiveCfg = Release AVX2|x64
		{D18084D2-AC6A-4844-AAF1-8638B6FCE807}.Release AVX2|x64.Build.0 = Release AVX2|x64
		{D18084D2-AC6A-4844-AAF1-8638B6FCE807}.Release AVX2|x86.ActiveCfg = Release AVX2|Win32
		{D18084D2-AC6A-4844-AAF1-8638B6FCE807}.Release AVX2|x86.Build.0 = Release AVX2|Win32
		{D18084D2-AC6A-4844-AAF1-8638B6FCE807}.Release|x64.ActiveCfg = Release|x64
		{D18084D2-AC6A-4844-AAF1-8638B6FCE807}.Release|x64.Build.0 = Release|x64
		{D18084D2-AC6A-4844-AAF1-8638B6FCE807}.Release|x86.ActiveCfg = Release|Win32
		{D18084D2-AC6A-4844-AAF1-8638B6FCE807}.Release|x86.Build.0 = Release|Win32
		{EA497301-2889-496B-9F72-8AEB55D709F7}.Debug AVX|x64.ActiveCfg = Debug AVX|x64
		{EA497301-2889-496B-9F72-8AEB55D709F7}.Debug AVX|x64.Build.0 = Debug AVX|x64
		{EA497301-2889-496B-9F72-8AEB55D709F7}.Debug AVX|x86.ActiveCfg = Debug AVX|Win32
		{EA497301-2889-496B-9F72-8AEB55D709F7}.Debug AVX|x86.Build.0 = Debug AVX|Win32
		{EA497301-2889-496B-9F72-8AEB55D709F7}.Debug AVX2|x64.ActiveCfg = Debug AVX2|x64
		{EA497301-2889-496B-9F72-8AEB55D709F7}.Debug AVX2|x64.Build.0 = Debug AVX2|x64
		{EA497301-2889-496B-9F72-8AEB55D709F7}.Debug AVX2|x86.ActiveCfg = Debug AVX2|Win32
		{EA497301-2889-496B-9F72-8AEB55D709F7}.Debug AVX2|x86.Build.0 = Debug AVX2|Win32
		{EA497301-2889-496B-9F72-8AEB55D709F7}.Debug|x64.ActiveCfg = Debug|x64
		{EA497301-2889-496B-9F72-8AEB55D709F7}.Debug|x64.Build.0 = Debug|x64
		{EA497301-2889-496B-9F72-8AEB55D709F7}.Debug|x86.ActiveCfg = Debug|Win32
		{EA497301-2889-496B-9F72-8AEB55D709F7}.Debug|x86.Build.0 = Debug|Win32
		{EA497301-2889-496B-9F72-8AEB55D709F7}.Release AVX|x64.ActiveCfg = Release AVX|x64
		{EA497301-2889-496B-9F72-8AEB55D709F7}.Release AVX|x64.Build.0 = Release AVX|x64
		{EA497301-2889-496B-9F72-8AEB55D709F7}.Release AVX|x86.ActiveCfg = Release AVX|Win32
		{EA497301-2889-496B-9F72-8AEB55D709F7}.Release AVX|x86.Build.0 = Release AVX|Win32
		{EA497301-2889-496B-9F72-8AEB55D709F7}.Release AVX2|x64.ActiveCfg = Release AVX2|x64
		{EA497301-2889-496B-9F72-8AEB55D709F7}.Release AVX2|x64.Build.0 = Release AVX2|x64
		{EA497301-2889-496B-9F72-8AEB55D709F7}.Release AVX2|x86.ActiveCfg = Release AVX2|Win32
		{EA497301-2889-496B-9F72-8AEB55D709F7}.Release AVX2|x86.Build.0 = Release AVX2|Win32
		{EA497301-2889-496B-9F72-8AEB55D709F7}.Release|x64.ActiveCfg = Release|x64
		{EA497301-2889-496B-9F72-8AEB55D709F7}.Release|x64.Build.0 = Release|x64
		{EA497301-2889-496B-9F72-8AEB55D709F7}.Release|x86.ActiveCfg = Release|Win32
		{EA497301-2889-496B-9F72-8AEB55D709F7}.Release|x86.Build.0 = Release|Win32
		{7C720C2F-855D-4A73-B117-74D04476C71B}.Debug AVX|x64.ActiveCfg = Debug AVX|x64
		{7C720C2F-855D-4A73-B117-74D04476C71B}.Debug AVX|x64.Build.0 = Debug AVX|x64
		{7C720C2F-855D-4A73-B117-74D04476C71B}.Debug AVX|x86.ActiveCfg = Debug AVX|Win32
		{7C720C2F-855D-4A73-B117-74D04476C71B}.Debug AVX|x86.Build.0 = Debug AVX|Win32
		{7C720C2F-855D-4A73-B117-74D04476C71B}.Debug AVX2|x64.ActiveCfg = Debug AVX2|x64
		{7C720C2F-855D-4A73-B117-74D04476C71B}.Debug AVX2|x64.Build.0 = Debug AVX2|x64
		{7C720C2F-855D-4A73-B117-74D04476C71B}.Debug AVX2|x86.ActiveCfg = Debug AVX2|Win32
		{7C720C2F-855D-4A73-B117-74D04476C71B}.Debug AVX2|x86.Build.0 = Debug AVX2|Win32
		{7C720C2F-855D-4A73-B117-74D04476C71B}.Debug|x64.ActiveCfg = Debug|x64
		{7C720C2F-855D-4A73-B117-74D04476C71B}.Debug|x64.Build.0 = Debug|x64
		{7C720C2F-855D-4A73-B117-74D04476C71B}.Debug|x86.ActiveCfg = Debug|Win32
		{7C720C2F-855D-4A73-B117-74D04476C71B}.Debug|x86.Build.0 = Debug|Win32
		{7C720C2F-855D-4A73-B117-74D04476C71B}.Release AVX|x64.ActiveCfg = Release AVX|x64
		{7C720C2F-855D-4A73-B117-74D04476C71B}.Release AVX|x64.Build.0 = Release AVX|x64
		{7C720C2F-855D-4A73-B117-74D04476C71B}.Release AVX|x86.ActiveCfg = Release AVX|Win32
		{7C720C2F-855D-4A73-B117-74D04476C71B}.Release AVX|x86.Build.0 = Release AVX|Win32
		{7C720C2F-855D-4A73-B117-74D04476C71B}.Release AVX2|x64.ActiveCfg = Release AVX2|x64
		{7C720C2F-855D-4A73-B117-74D04476C71B}.Release AVX2|x64.Build.0 = Release AVX2|x64
		{7C720C2F-855D-4A73-B117-74D04476C71B}.Release AVX2|x86.ActiveCfg = Release AVX2|Win32
		{7C720C2F-855D-4A73-B117-74D04476C71B}.Release AVX2|x86.Build.0 = Release AVX2|Win32
		{7C720C2F-855D-4A73-B117-74D04476C71B}.Release|x64.ActiveCfg = Release|x64
		{7C720C2F-855D-4A73-B117-74D04476C71B}.Release|x64.Build.0 = Release|x64
		{7C720C2F-855D-4A73-B117-74D04476C71B}.Release|x86.ActiveCfg = Release|Win32
		{7C720C2F-855D-4A73-B117-74D04476C71B}.Release|x86.Build.0 = Release|Win32
		{6CB68D41-4F5B-4F86-B158-2C2A21D09109}.Debug AVX|x64.ActiveCfg = Debug AVX|x64
		{6CB68D41-4F5B-4F86-B158-2C2A21D09109}.Debug AVX|x64.Build.0 = Debug AVX|x64
		{6CB68D41-4F5B-4F86-B158-2C2A21D09109}.Debug AVX|x86.ActiveCfg = Debug AVX|Win32
		{6CB68D41-4F5B-4F86-B158-2C2A21D09109}.Debug AVX|x86.Build.0 = Debug AVX|Win32
		{6CB68D41-4F5B-4F86-B158-2C2A21D09109}.Debug AVX2|x64.ActiveCfg = Debug AVX2|x64
		{6CB68D41-4F5B-4F86-B158-2C2A21D09109}.Debug AVX2|x64.Build.0 = Debug AVX2|x64
		{6CB68D41-4F5B-4F86-B158-2C2A21D09109}.Debug AVX2|x86.ActiveCfg = Debug AVX2|Win32
		{6CB68D41-4F5B-4F86-B158-2C2A21D09109}.Debug AVX2|x86.Build.0 = Debug AVX2|Win32
		{6CB68D41-4F5B-4F86-B158-2C2A21D09109}.Debug|x64.ActiveCfg = Debug|x64
		{6CB68D41-4F5B-4F86-B158-2C2A21D09109}.Debug|x64.Build.0 = Debug|x64
		{6CB68D41-4F5B-4F86-B158-2C2A21D09109}.Debug|x86.ActiveCfg = Debug|Win32
		{6CB68D41-4F5B-4F86-B158-2C2A21D09109}.Debug|x86.Build.0 = Debug|Win32
		{6CB68D41-4F5B-4F86-B158-2C2A21D09109}.Release AVX|x64.ActiveCfg = Release AVX|x64
		{6CB68D41-4F5B-4F86-B158-2C2A21D09109}.Release AVX|x64.Build.0 = Release AVX|x64
		{6CB68D41-4F5B-4F86-B158-2C2A21D09109}.Release AVX|x86.ActiveCfg = Release AVX|Win32
		{6CB68D41-4F5B-4F86-B158-2C2A21D09109}.Release AVX|x86.Build.0 = Release AVX|Win32
		{6CB68D41-4F5B-4F86-B158-2C2A21D09109}.Release AVX2|x64.ActiveCfg = Release AVX2|x64
		{6CB68D41-4F5B-4F86-B158-2C2A21D09109}.Release AVX2|x64.Build.0 = Release AVX2|x64
		{6CB68D41-4F5B-4F86-B158-2C2A21D09109}.Release AVX2|x86.ActiveCfg = Release AVX2|Win32
		{6CB68D41-4F5B-4F86-B158-2C2A21D09109}.Release AVX2|x86.Build.0 = Release AVX2|Win32
		{6CB68D41-4F5B-4F86-B158-2C2A21D09109}.Release|x64.ActiveCfg = Release|x64
		{6CB68D41-4F5B-4F86-B158-2C2A21D09109}.Release|x64.Build.0 = Release|x64
		{6CB68D41-4F5B-4F86-B158-2C2A21D09109}.Release|x86.ActiveCfg = Release|Win32
		{6CB68D41-4F5B-4F86-B158-2C2A21D09109}.Release|x86.Build.0 = Release|Win32
		{05F2E529-6ED2-4D46-90C0-E5A17BADCEAF}.Debug AVX|x64.ActiveCfg = Debug AVX|x64
		{05F2E529-6ED2-4D46-90C0-E5A17BADCEAF}.Debug AVX|x64.Build.0 = Debug AVX|x64
		{05F2E529-6ED2-4D46-90C0-E5A17BADCEAF}.Debug AVX|x86.ActiveCfg = Debug AVX|Win32
		{05F2E529-6ED2-4D46-90C0-E5A17BADCEAF}.Debug AVX|x86.Build.0 = Debug AVX|Win32
		{05F2E529-6ED2-4D46-90C0-E5A17BADCEAF}.Debug AVX2|x64.ActiveCfg = Debug AVX2|x64
		{05F2E529-6ED2-4D46-90C0-E5A17BADCEAF}.Debug AVX2|x64.Build.0 = Debug AVX2|x64
		{05F2E529-6ED2-4D46-90C0-E5A17BADCEAF}.Debug AVX2|x86.ActiveCfg = Debug AVX2|Win32
		{05F2E529-6ED2-4D46-90C0-E5A17BADCEAF}.Debug AVX2|x86.Build.0 = Debug AVX2|Win32
		{05F2E529-6ED2-4D46-90C0-E5A17BADCEAF}.Debug|x64.ActiveCfg = Debug|x64
		{05F2E529-6ED2-4D46-90C0-E5A17BADCEAF}.Debug|x64.Build.0 = Debug|x64
		{05F2E529-6ED2-4D46-90C0-E5A17BADCEAF}.Debug|x86.ActiveCfg = Debug|Win32
		{05F2E529-6ED2-4D46-90C0-E5A17BADCEAF}.Debug|x86.Build.0 = Debug|Win32
		{05F2E529-6ED2-4D46-90C0-E5A17BADCEAF}.Release AVX|x64.ActiveCfg = Release AVX|x64
		{05F2E529-6ED2-4D46-90C0-E5A17BADCEAF}.Release AVX|x64.Build.0 = Release AVX|x64
		{05F2E529-6ED2-4D46-90C0-E5A17BADCEAF}.Release AVX|x86.ActiveCfg = Release AVX|Win32
		{05F2E529-6ED2-4D46-90C0-E5A17BADCEAF}.Release AVX|x86.Build.0 = Release AVX|Win32
		{05F2E529-6ED2-4D46-90C0-E5A17BADCEAF}.Release AVX2|x64.ActiveCfg = Release AVX2|x64
		{05F2E529-6ED2-4D46-90C0-E5A17BADCEAF}.Release AVX2|x64.Build.0 = Release AVX2|x64
		{05F2E529-6ED2-4D46-90C0-E5A17BADCEAF}.Release AVX2|x86.ActiveCfg = Release AVX2|Win32
		{05F2E529-6ED2-4D46-90C0-E5A17BADCEAF}.Release AVX2|x86.Build.0 = Release AVX2|Win32
		{05F2E529-6ED2-4D46-90C0-E5A17BADCEAF}.Release|x64.ActiveCfg = Release|x64
		{05F2E529-6ED2-4D46-90C0-E5A17BADCEAF}.Release|x64.Build.0 = Release|x64
		{05F2E529-6ED2-4D46-90C0-E5A17BADCEAF}.Release|x86.ActiveCfg = Release|Win32
		{05F2E529-6ED2-4D46-90C0-E5A17BADCEAF}.Release|x86.Build.0 = Release|Win32
		{67341F6D-B320-45BD-9937-9498B66A54F3}.Debug AVX|x64.ActiveCfg = Debug AVX|x64
		{67341F6D-B320-45BD-9937-9498B66A54F3}.Debug AVX|x64.Build.0 = Debug AVX|x64
		{67341F6D-B320-45BD-9937-9498B66A54F3}.Debug AVX|x86.ActiveCfg = Debug AVX|Win32
		{67341F6D-B320-45BD-9937-9498B66A54F3}.Debug AVX|x86.Build.0 = Debug AVX|Win32
		{67341F6D-B320-45BD-9937-9498B66A54F3}.Debug AVX2|x64.ActiveCfg = Debug AVX2|x64
		{67341F6D-B320-45BD-9937-9498B66A54F3}.Debug AVX2|x64.Build.0 = Debug AVX2|x64
		{67341F6D-B320-45BD-9937-9498B66A54F3}.Debug AVX2|x86.ActiveCfg = Debug AVX2|Win32
		{67341F6D-B320-45BD-9937-9498B66A54F3}.Debug AVX2|x86.Build.0 = Debug AVX2|Win32
		{67341F6D-B320-45BD-9937-9498B66A54F3}.Debug|x64.ActiveCfg = Debug|x64
		{67341F6D-B320-45BD-9937-9498B66A54F3}.Debug|x64.Build.0 = Debug|x64
		{67341F6D-B320-45BD-9937-9498B66A54F3}.Debug|x86.ActiveCfg = Debug|Win32
		{67341F6D-B320-45BD-9937-9498B66A54F3}.Debug|x86.Build.0 = Debug|Win32
		{67341F6D-B320-45BD-9937-9498B66A54F3}.Release AVX|x64.ActiveCfg = Release AVX|x64
		{67341F6D-B320-45BD-9937-9498B66A54F3}.Release AVX|x64.Build.0 = Release AVX|x64
		{67341F6D-B320-45BD-9937-9498B66A54F3}.Release AVX|x86.ActiveCfg = Release AVX|Win32
		{67341F6D-B320-45BD-9937-9498B66A54F3}.Release AVX|x86.Build.0 = Release AVX|Win32
		{67341F6D-B320-45BD-9937-9498B66A54F3}.Release AVX2|x64.ActiveCfg = Release AVX2|x64
		{67341F6D-B320-45BD-9937-9498B66A54F3}.Release AVX2|x64.Build.0 = Release AVX2|x64
		{67341F6D-B320-45BD-9937-9498B66A54F3}.Release AVX2|x86.ActiveCfg = Release AVX2|Win32
		{67341F6D-B320-45BD-9937-9498B66A54F3}.Release AVX2|x86.Build.0 = Release AVX2|Win32
		{67341F6D-B320-45BD-9937-9498B66A54F3}.Release|x64.ActiveCfg = Release|x64
		{67341F6D-B320-45BD-9937-9498B66A54F3}.Release|x64.Build.0 = Release|x64
		{67341F6D-B320-45BD-9937-9498B66A54F3}.Release|x86.ActiveCfg = Release|Win32
		{67341F6D-B320-45BD-9937-9498B66A54F3}.Release|x86.Build.0 = Release|Win32
		{4D5C5216-203A-4FB9-B7ED-031B50DC7BB8}.Debug AVX|x64.ActiveCfg = Debug AVX|x64
		{4D5C5216-203A-4FB9-B7ED-031B50DC7BB8}.Debug AVX|x64.Build.0 = Debug AVX|x64
		{4D5C5216-203A-4FB9-B7ED-031B50DC7BB8}.Debug AVX|x86.ActiveCfg = Debug AVX|Win32
		{4D5C5216-203A-4FB9-B7ED-031B50DC7BB8}.Debug AVX|x86.Build.0 = Debug AVX|Win32
		{4D5C5216-203A-4FB9-B7ED-031B50DC7BB8}.Debug AVX2|x64.ActiveCfg = Debug AVX2|x64
		{4D5C5216-203A-4FB9-B7ED-031B50DC7BB8}.Debug AVX2|x64.Build.0 = Debug AVX2|x64
		{4D5C5216-203A-4FB9-B7ED-031B50DC7BB8}.Debug AVX2|x86.ActiveCfg = Debug AVX2|Win32
		{4D5C5216-203A-4FB9-B7ED-031B50DC7BB8}.Debug AVX2|x86.Build.0 = Debug AVX2|Win32
		{4D5C5216-203A-4FB9-B7ED-031B50DC7BB8}.Debug|x64.ActiveCfg = Debug|x64
		{4D5C5216-203A-4FB9-B7ED-031B50DC7BB8}.Debug|x64.Build.0 = Debug|x64
		{4D5C5216-203A-4FB9-B7ED-031B50DC7BB8}.Debug|x86.ActiveCfg = Debug|Win32
		{4D5C5216-203A-4FB9-B7ED-031B50DC7BB8}.Debug|x86.Build.0 = Debug|Win32
		{4D5C5216-203A-4FB9-B7ED-031B50DC7BB8}.Release AVX|x64.ActiveCfg = Release AVX|x64
		{4D5C5216-203A-4FB9-B7ED-031B50DC7BB8}.Release AVX|x64.Build.0 = Release AVX|x64
		{4D5C5216-203A-4FB9-B7ED-031B50DC7BB8}.Release AVX|x86.ActiveCfg = Release AVX|Win32
		{4D5C5216-203A-4FB9-B7ED-031B50DC7BB8}.Release AVX|x86.Build.0 = Release AVX|Win32
		{4D5C5216-203A-4FB9-B7ED-031B50DC7BB8}.Release AVX2|x64.ActiveCfg = Release AVX2|x64
		{4D5C5216-203A-4FB9-B7ED-031B50DC7BB8}.Release AVX2|x64.Build.0 = Release AVX2|x64
		{4D5C5216-203A-4FB9-B7ED-031B50DC7BB8}.Release AVX2|x86.ActiveCfg = Release AVX2|Win32
		{4D5C5216-203A-4FB9-B7ED-031B50DC7BB8}.Release AVX2|x86.Build.0 = Release AVX2|Win32
		{4D5C5216-203A-4FB9-B7ED-031B50DC7BB8}.Release|x64.ActiveCfg = Release|x64
		{4D5C5216-203A-4FB9-B7ED-031B50DC7BB8}.Release|x64.Build.0 = Release|x64
		{4D5C5216-203A-4FB9-B7ED-031B50DC7BB8}.Release|x86.ActiveCfg = Release|Win32
		{4D5C5216-203A-4FB9-B7ED-031B50DC7BB8}.Release|x86.Build.0 = Release|Win32
	EndGlobalSection
	GlobalSection(SolutionProperties) = preSolution
		HideSolutionNode = FALSE
	EndGlobalSection
EndGlobal
